
Microsoft Visual Studio Solution File, Format Version 12.00
# Visual Studio Version 17
VisualStudioVersion = 17.2.32616.157
MinimumVisualStudioVersion = 10.0.40219.1
Project("{8BC9CEB8-8B4A-11D0-8D11-00A0C91BC942}") = "WaveLib", "WaveLib\WaveLib.vcxproj", "{F5E2D1D8-8E65-4A70-82A0-78D82662CE1B}"
EndProject
Project("{8BC9CEB8-8B4A-11D0-8D11-00A0C91BC942}") = "WaveLibTests", "WaveLibTests\WaveLibTests.vcxproj", "{59833836-6284-4BF3-AD47-D2BE97BB15B3}"
	ProjectSection(ProjectDependencies) = postProject
		{F5E2D1D8-8E65-4A70-82A0-78D82662CE1B} = {F5E2D1D8-8E65-4A70-82A0-78D82662CE1B}
	EndProjectSection
EndProject
Global
	GlobalSection(SolutionConfigurationPlatforms) = preSolution
		Debug|x64 = Debug|x64
		Debug|x86 = Debug|x86
		Release|x64 = Release|x64
		Release|x86 = Release|x86
		StaticDebug|x64 = StaticDebug|x64
		StaticDebug|x86 = StaticDebug|x86
		StaticRelease|x64 = StaticRelease|x64
		StaticRelease|x86 = StaticRelease|x86
	EndGlobalSection
	GlobalSection(ProjectConfigurationPlatforms) = postSolution
		{F5E2D1D8-8E65-4A70-82A0-78D82662CE1B}.Debug|x64.ActiveCfg = Debug|x64
		{F5E2D1D8-8E65-4A70-82A0-78D82662CE1B}.Debug|x64.Build.0 = Debug|x64
		{F5E2D1D8-8E65-4A70-82A0-78D82662CE1B}.Debug|x86.ActiveCfg = Debug|Win32
		{F5E2D1D8-8E65-4A70-82A0-78D82662CE1B}.Debug|x86.Build.0 = Debug|Win32
		{F5E2D1D8-8E65-4A70-82A0-78D82662CE1B}.Release|x64.ActiveCfg = Release|x64
		{F5E2D1D8-8E65-4A70-82A0-78D82662CE1B}.Release|x64.Build.0 = Release|x64
		{F5E2D1D8-8E65-4A70-82A0-78D82662CE1B}.Release|x86.ActiveCfg = Release|Win32
		{F5E2D1D8-8E65-4A70-82A0-78D82662CE1B}.Release|x86.Build.0 = Release|Win32
		{F5E2D1D8-8E65-4A70-82A0-78D82662CE1B}.StaticDebug|x64.ActiveCfg = StaticDebug|x64
		{F5E2D1D8-8E65-4A70-82A0-78D82662CE1B}.StaticDebug|x64.Build.0 = StaticDebug|x64
		{F5E2D1D8-8E65-4A70-82A0-78D82662CE1B}.StaticDebug|x86.ActiveCfg = StaticDebug|Win32
		{F5E2D1D8-8E65-4A70-82A0-78D82662CE1B}.StaticDebug|x86.Build.0 = StaticDebug|Win32
		{F5E2D1D8-8E65-4A70-82A0-78D82662CE1B}.StaticRelease|x64.ActiveCfg = StaticRelease|x64
		{F5E2D1D8-8E65-4A70-82A0-78D82662CE1B}.StaticRelease|x64.Build.0 = StaticRelease|x64
		{F5E2D1D8-8E65-4A70-82A0-78D82662CE1B}.StaticRelease|x86.ActiveCfg = StaticRelease|Win32
		{F5E2D1D8-8E65-4A70-82A0-78D82662CE1B}.StaticRelease|x86.Build.0 = StaticRelease|Win32
		{59833836-6284-4BF3-AD47-D2BE97BB15B3}.Debug|x64.ActiveCfg = Debug|x64
		{59833836-6284-4BF3-AD47-D2BE97BB15B3}.Debug|x64.Build.0 = Debug|x64
		{59833836-6284-4BF3-AD47-D2BE97BB15B3}.Debug|x86.ActiveCfg = Debug|Win32
		{59833836-6284-4BF3-AD47-D2BE97BB15B3}.Debug|x86.Build.0 = Debug|Win32
		{59833836-6284-4BF3-AD47-D2BE97BB15B3}.Release|x64.ActiveCfg = Release|x64
		{59833836-6284-4BF3-AD47-D2BE97BB15B3}.Release|x64.Build.0 = Release|x64
		{59833836-6284-4BF3-AD47-D2BE97BB15B3}.Release|x86.ActiveCfg = Release|Win32
		{59833836-6284-4BF3-AD47-D2BE97BB15B3}.Release|x86.Build.0 = Release|Win32
		{59833836-6284-4BF3-AD47-D2BE97BB15B3}.StaticDebug|x64.ActiveCfg = StaticDebug|x64
		{59833836-6284-4BF3-AD47-D2BE97BB15B3}.StaticDebug|x64.Build.0 = StaticDebug|x64
		{59833836-6284-4BF3-AD47-D2BE97BB15B3}.StaticDebug|x86.ActiveCfg = StaticDebug|Win32
		{59833836-6284-4BF3-AD47-D2BE97BB15B3}.StaticDebug|x86.Build.0 = StaticDebug|Win32
		{59833836-6284-4BF3-AD47-D2BE97BB15B3}.StaticRelease|x64.ActiveCfg = StaticRelease|x64
		{59833836-6284-4BF3-AD47-D2BE97BB15B3}.StaticRelease|x64.Build.0 = StaticRelease|x64
		{59833836-6284-4BF3-AD47-D2BE97BB15B3}.StaticRelease|x86.ActiveCfg = StaticRelease|Win32
		{59833836-6284-4BF3-AD47-D2BE97BB15B3}.StaticRelease|x86.Build.0 = StaticRelease|Win32
	EndGlobalSection
	GlobalSection(SolutionProperties) = preSolution
		HideSolutionNode = FALSE
	EndGlobalSection
	GlobalSection(ExtensibilityGlobals) = postSolution
		        SolutionGuid = {2E326E1E-66E2-4B5A-9109-CC2585C848CD}
		SolutionGuid = {95438F80-F916-4E5D-B51A-A7BA38F7F5B1}
	EndGlobalSection
EndGlobal
