<?xml version="1.0" encoding="utf-8"?>
<Project ToolsVersion="4.0" xmlns="http://schemas.microsoft.com/developer/msbuild/2003">
  <ItemGroup>
    <Filter Include="Quelldateien">
      <UniqueIdentifier>{4FC737F1-C7A5-4376-A066-2A32D752A2FF}</UniqueIdentifier>
      <Extensions>cpp;c;cc;cxx;def;odl;idl;hpj;bat;asm;asmx</Extensions>
    </Filter>
    <Filter Include="Ressourcendateien">
      <UniqueIdentifier>{67DA6AB6-F800-4c08-8B7A-83BB121AAD01}</UniqueIdentifier>
      <Extensions>rc;ico;cur;bmp;dlg;rc2;rct;bin;rgs;gif;jpg;jpeg;jpe;resx;tiff;tif;png;wav;mfcribbon-ms</Extensions>
    </Filter>
    <Filter Include="native">
      <UniqueIdentifier>{a03370e1-8220-4aa1-82a2-44356c0dff19}</UniqueIdentifier>
    </Filter>
    <Filter Include="native\src">
      <UniqueIdentifier>{07042c4c-cfe3-4729-b087-a20fc9868fcd}</UniqueIdentifier>
    </Filter>
    <Filter Include="native\inc">
      <UniqueIdentifier>{c8fffc8d-70f3-4a3b-9010-3b2b87d15e4d}</UniqueIdentifier>
    </Filter>
    <Filter Include="Libraries">
      <UniqueIdentifier>{93995380-89BD-4b04-88EB-625FBE52EBFB}</UniqueIdentifier>
      <Extensions>h;hh;hpp;hxx;hm;inl;inc;xsd</Extensions>
    </Filter>
    <Filter Include="ScripteZumTesten">
      <UniqueIdentifier>{0ed1d96c-79b7-4c60-ab1e-4833b33cb48a}</UniqueIdentifier>
    </Filter>
    <Filter Include="native\src\output">
      <UniqueIdentifier>{4cf06194-711f-412e-b078-46d1eea920f5}</UniqueIdentifier>
    </Filter>
    <Filter Include="native\src\fx">
      <UniqueIdentifier>{f56c1f50-ac3b-4ca3-b27b-1abaa166ba7e}</UniqueIdentifier>
    </Filter>
    <Filter Include="etc">
      <UniqueIdentifier>{b87fe183-8498-4c2d-b807-25f9986f1228}</UniqueIdentifier>
    </Filter>
    <Filter Include="etc\WaveInl">
      <UniqueIdentifier>{0c8d3ea8-d47b-42b9-b32a-5d85ac8fda57}</UniqueIdentifier>
    </Filter>
  </ItemGroup>
  <ItemGroup>
    <ClInclude Include="..\..\..\inc\WaveFileIO.h">
      <Filter>native\inc</Filter>
    </ClInclude>
    <ClInclude Include="..\..\..\src\CleanupMacros.h">
      <Filter>native\src</Filter>
    </ClInclude>
    <ClInclude Include="..\..\..\src\WaveSpacer.h">
      <Filter>native\src</Filter>
    </ClInclude>
    <ClInclude Include="..\..\..\src\Panorama.hpp">
      <Filter>native\src</Filter>
    </ClInclude>
    <ClInclude Include="..\..\..\src\WaveAudio.hpp">
      <Filter>native\src</Filter>
    </ClInclude>
    <ClInclude Include="..\..\..\src\WaveBuffers.hpp">
      <Filter>native\src</Filter>
    </ClInclude>
    <ClInclude Include="..\..\..\src\WaveFileReader.hpp">
      <Filter>native\src</Filter>
    </ClInclude>
    <ClInclude Include="..\..\..\src\WaveFileWriter.hpp">
      <Filter>native\src</Filter>
    </ClInclude>
    <ClInclude Include="..\..\..\src\WaveFormat.hpp">
      <Filter>native\src</Filter>
    </ClInclude>
    <ClInclude Include="..\..\..\src\WaveFilter.hpp">
      <Filter>native\src</Filter>
    </ClInclude>
    <ClInclude Include="..\..\..\src\WaveMacros.hpp">
      <Filter>native\src</Filter>
    </ClInclude>
    <ClInclude Include="..\..\..\src\WaveStream.hpp">
      <Filter>native\src</Filter>
    </ClInclude>
    <ClInclude Include="..\..\..\src\WaveHandling.hpp">
      <Filter>native\src</Filter>
    </ClInclude>
    <ClInclude Include="..\compilation.h">
      <Filter>Quelldateien</Filter>
    </ClInclude>
    <ClInclude Include="..\..\..\src\settings.h">
      <Filter>native\src</Filter>
    </ClInclude>
    <ClInclude Include="..\..\..\inc\importsettings.h">
      <Filter>native\inc</Filter>
    </ClInclude>
    <ClInclude Include="..\..\dotnet\Audio.hpp">
      <Filter>Quelldateien</Filter>
    </ClInclude>
    <ClInclude Include="..\..\dotnet\AudioBuffer.hpp">
      <Filter>Quelldateien</Filter>
    </ClInclude>
    <ClInclude Include="..\..\dotnet\AudioStreamBuffer.hpp">
      <Filter>Quelldateien</Filter>
    </ClInclude>
    <ClInclude Include="..\..\dotnet\CircularBuffer.hpp">
      <Filter>Quelldateien</Filter>
    </ClInclude>
    <ClInclude Include="..\..\dotnet\CreationMacros.h">
      <Filter>Quelldateien</Filter>
    </ClInclude>
    <ClInclude Include="..\..\dotnet\WavReader.hpp">
      <Filter>Quelldateien</Filter>
    </ClInclude>
    <ClInclude Include="..\..\dotnet\WavWriter.hpp">
      <Filter>Quelldateien</Filter>
    </ClInclude>
    <ClInclude Include="..\..\..\inc\precomphead.hpp">
      <Filter>native\inc</Filter>
    </ClInclude>
    <ClInclude Include="..\..\..\..\Int24Types\src\int24bittypes.hpp">
      <Filter>Libraries</Filter>
    </ClInclude>
    <ClInclude Include="..\..\..\etc\enumoperators.h">
      <Filter>etc</Filter>
    </ClInclude>
    <ClInclude Include="..\..\..\etc\indiaccessfuncs.h">
      <Filter>etc</Filter>
    </ClInclude>
    <ClInclude Include="..\..\..\etc\namespacer.h">
      <Filter>etc</Filter>
    </ClInclude>
    <ClInclude Include="..\..\..\etc\WaveLib.inl\enumoperators.h">
      <Filter>etc\WaveInl</Filter>
    </ClInclude>
    <ClInclude Include="..\..\..\etc\WaveLib.inl\indiaccessfuncs.h">
      <Filter>etc\WaveInl</Filter>
    </ClInclude>
    <ClInclude Include="..\..\..\etc\WaveLib.inl\int24bittypes.hpp">
      <Filter>etc\WaveInl</Filter>
    </ClInclude>
    <ClInclude Include="..\..\..\etc\WaveLib.inl\namespacer.h">
      <Filter>etc\WaveInl</Filter>
    </ClInclude>
  </ItemGroup>
  <ItemGroup>
    <ClCompile Include="..\..\..\src\WaveAudio.cpp">
      <Filter>native\src</Filter>
    </ClCompile>
    <ClCompile Include="..\..\..\src\WaveBuffers.cpp">
      <Filter>native\src</Filter>
    </ClCompile>
    <ClCompile Include="..\..\..\src\WaveFileReader.cpp">
      <Filter>native\src</Filter>
    </ClCompile>
    <ClCompile Include="..\..\..\src\WaveFileWriter.cpp">
      <Filter>native\src</Filter>
    </ClCompile>
    <ClCompile Include="..\..\..\src\WaveFormat.cpp">
      <Filter>native\src</Filter>
    </ClCompile>
    <ClCompile Include="..\..\..\src\WaveStream.cpp">
      <Filter>native\src</Filter>
    </ClCompile>
    <ClCompile Include="..\..\dotnet\Audio.cpp">
      <Filter>Quelldateien</Filter>
    </ClCompile>
    <ClCompile Include="..\..\dotnet\AudioBuffer.cpp">
      <Filter>Quelldateien</Filter>
    </ClCompile>
    <ClCompile Include="..\..\dotnet\AudioStreamBuffer.cpp">
      <Filter>Quelldateien</Filter>
    </ClCompile>
    <ClCompile Include="..\..\dotnet\CircularBuffer.cpp">
      <Filter>Quelldateien</Filter>
    </ClCompile>
    <ClCompile Include="..\..\dotnet\WavReader.cpp">
      <Filter>Quelldateien</Filter>
    </ClCompile>
    <ClCompile Include="..\..\dotnet\WavWriter.cpp">
      <Filter>Quelldateien</Filter>
    </ClCompile>
  </ItemGroup>
  <ItemGroup>
    <Text Include="settings.h">
      <Filter>native\inc</Filter>
    </Text>
  </ItemGroup>
</Project>